{
  "nodes": {
    "nixpkgs": {
      "locked": {
        "lastModified": 1735665511,
        "narHash": "sha256-m6KS4Y44VAxk5ZnELE2dzLbjPtKRGtsprphQC6A7Erk=",
        "type": "tarball",
        "url": "https://releases.nixos.org/nixos/24.05/nixos-24.05.7376.b134951a4c9f/nixexprs.tar.xz"
      },
      "original": {
        "type": "tarball",
        "url": "https://channels.nixos.org/nixos-24.05/nixexprs.tar.xz"
      }
    },
    "root": {
      "inputs": {
        "nixpkgs": "nixpkgs"
      }
    }
  },
  "root": "root",
  "version": 7
}
